
Microsoft Visual Studio Solution File, Format Version 12.00
# Visual Studio Version 16
VisualStudioVersion = 16.0.29123.88
MinimumVisualStudioVersion = 10.0.40219.1
Project("{9A19103F-16F7-4668-BE54-9A1E7A4F7556}") = "Testing", "Testing\Testing.csproj", "{48A355DD-ADBD-471F-B297-50986BB58633}"
EndProject
Project("{9A19103F-16F7-4668-BE54-9A1E7A4F7556}") = "Lib", "Library\Lib.csproj", "{26311DC1-DCDA-457D-B2AA-3FE0D748B432}"
EndProject
Global
	GlobalSection(SolutionConfigurationPlatforms) = preSolution
		Debug|Any CPU = Debug|Any CPU
		Release|Any CPU = Release|Any CPU
	EndGlobalSection
	GlobalSection(ProjectConfigurationPlatforms) = postSolution
		{48A355DD-ADBD-471F-B297-50986BB58633}.Debug|Any CPU.ActiveCfg = Debug|Any CPU
		{48A355DD-ADBD-471F-B297-50986BB58633}.Debug|Any CPU.Build.0 = Debug|Any CPU
		{48A355DD-ADBD-471F-B297-50986BB58633}.Release|Any CPU.ActiveCfg = Release|Any CPU
		{48A355DD-ADBD-471F-B297-50986BB58633}.Release|Any CPU.Build.0 = Release|Any CPU
		{26311DC1-DCDA-457D-B2AA-3FE0D748B432}.Debug|Any CPU.ActiveCfg = Debug|Any CPU
		{26311DC1-DCDA-457D-B2AA-3FE0D748B432}.Debug|Any CPU.Build.0 = Debug|Any CPU
		{26311DC1-DCDA-457D-B2AA-3FE0D748B432}.Release|Any CPU.ActiveCfg = Release|Any CPU
		{26311DC1-DCDA-457D-B2AA-3FE0D748B432}.Release|Any CPU.Build.0 = Release|Any CPU
	EndGlobalSection
	GlobalSection(SolutionProperties) = preSolution
		HideSolutionNode = FALSE
	EndGlobalSection
	GlobalSection(ExtensibilityGlobals) = postSolution
		SolutionGuid = {0D1A0DD0-2770-4508-B848-D996AAC8C988}
	EndGlobalSection
EndGlobal
